
Microsoft Visual Studio Solution File, Format Version 12.00
# Visual Studio Version 16
VisualStudioVersion = 16.0.30002.166
MinimumVisualStudioVersion = 10.0.40219.1
Project("{FAE04EC0-301F-11D3-BF4B-00C04F79EFBC}") = "KeyPay", "KeyPay.csproj", "{2F2E85D3-4B20-439C-BCE6-2D03FE7F72D4}"
EndProject
Global
	GlobalSection(SolutionConfigurationPlatforms) = preSolution
		Debug|Any CPU = Debug|Any CPU
		Release|Any CPU = Release|Any CPU
	EndGlobalSection
	GlobalSection(ProjectConfigurationPlatforms) = postSolution
		{2F2E85D3-4B20-439C-BCE6-2D03FE7F72D4}.Debug|Any CPU.ActiveCfg = Debug|Any CPU
		{2F2E85D3-4B20-439C-BCE6-2D03FE7F72D4}.Debug|Any CPU.Build.0 = Debug|Any CPU
		{2F2E85D3-4B20-439C-BCE6-2D03FE7F72D4}.Release|Any CPU.ActiveCfg = Release|Any CPU
		{2F2E85D3-4B20-439C-BCE6-2D03FE7F72D4}.Release|Any CPU.Build.0 = Release|Any CPU
	EndGlobalSection
	GlobalSection(SolutionProperties) = preSolution
		HideSolutionNode = FALSE
	EndGlobalSection
	GlobalSection(ExtensibilityGlobals) = postSolution
		SolutionGuid = {63D25841-5729-4C19-9A64-36F984E270F3}
	EndGlobalSection
EndGlobal
